
Microsoft Visual Studio Solution File, Format Version 12.00
# Visual Studio Version 16
VisualStudioVersion = 16.0.31702.278
MinimumVisualStudioVersion = 10.0.40219.1
Project("{FAE04EC0-301F-11D3-BF4B-00C04F79EFBC}") = "FileManager", "FileManager\FileManager.csproj", "{11F46CD9-1F36-4758-AB9F-734FD78340D1}"
EndProject
Global
	GlobalSection(SolutionConfigurationPlatforms) = preSolution
		Debug|Any CPU = Debug|Any CPU
		Release|Any CPU = Release|Any CPU
	EndGlobalSection
	GlobalSection(ProjectConfigurationPlatforms) = postSolution
		{11F46CD9-1F36-4758-AB9F-734FD78340D1}.Debug|Any CPU.ActiveCfg = Debug|Any CPU
		{11F46CD9-1F36-4758-AB9F-734FD78340D1}.Debug|Any CPU.Build.0 = Debug|Any CPU
		{11F46CD9-1F36-4758-AB9F-734FD78340D1}.Release|Any CPU.ActiveCfg = Release|Any CPU
		{11F46CD9-1F36-4758-AB9F-734FD78340D1}.Release|Any CPU.Build.0 = Release|Any CPU
	EndGlobalSection
	GlobalSection(SolutionProperties) = preSolution
		HideSolutionNode = FALSE
	EndGlobalSection
	GlobalSection(ExtensibilityGlobals) = postSolution
		SolutionGuid = {0BE8D9AB-9081-4BBA-A0E3-3A5A59D15B8B}
	EndGlobalSection
EndGlobal
