
Microsoft Visual Studio Solution File, Format Version 12.00
# Visual Studio Version 16
VisualStudioVersion = 16.0.31702.278
MinimumVisualStudioVersion = 10.0.40219.1
Project("{FAE04EC0-301F-11D3-BF4B-00C04F79EFBC}") = "Saver", "Saver\Saver.csproj", "{FA098BF7-7E61-4035-A111-AE8D76D22D37}"
EndProject
Project("{FAE04EC0-301F-11D3-BF4B-00C04F79EFBC}") = "StartupTime", "StartupTime\StartupTime.csproj", "{08C261F2-2E45-49FC-9EAE-2DD0862C493D}"
EndProject
Project("{FAE04EC0-301F-11D3-BF4B-00C04F79EFBC}") = "Binary", "Binary\Binary.csproj", "{B31B1451-700A-40F3-A607-50A070EF7401}"
EndProject
Global
	GlobalSection(SolutionConfigurationPlatforms) = preSolution
		Debug|Any CPU = Debug|Any CPU
		Release|Any CPU = Release|Any CPU
	EndGlobalSection
	GlobalSection(ProjectConfigurationPlatforms) = postSolution
		{FA098BF7-7E61-4035-A111-AE8D76D22D37}.Debug|Any CPU.ActiveCfg = Debug|Any CPU
		{FA098BF7-7E61-4035-A111-AE8D76D22D37}.Debug|Any CPU.Build.0 = Debug|Any CPU
		{FA098BF7-7E61-4035-A111-AE8D76D22D37}.Release|Any CPU.ActiveCfg = Release|Any CPU
		{FA098BF7-7E61-4035-A111-AE8D76D22D37}.Release|Any CPU.Build.0 = Release|Any CPU
		{08C261F2-2E45-49FC-9EAE-2DD0862C493D}.Debug|Any CPU.ActiveCfg = Debug|Any CPU
		{08C261F2-2E45-49FC-9EAE-2DD0862C493D}.Debug|Any CPU.Build.0 = Debug|Any CPU
		{08C261F2-2E45-49FC-9EAE-2DD0862C493D}.Release|Any CPU.ActiveCfg = Release|Any CPU
		{08C261F2-2E45-49FC-9EAE-2DD0862C493D}.Release|Any CPU.Build.0 = Release|Any CPU
		{B31B1451-700A-40F3-A607-50A070EF7401}.Debug|Any CPU.ActiveCfg = Debug|Any CPU
		{B31B1451-700A-40F3-A607-50A070EF7401}.Debug|Any CPU.Build.0 = Debug|Any CPU
		{B31B1451-700A-40F3-A607-50A070EF7401}.Release|Any CPU.ActiveCfg = Release|Any CPU
		{B31B1451-700A-40F3-A607-50A070EF7401}.Release|Any CPU.Build.0 = Release|Any CPU
	EndGlobalSection
	GlobalSection(SolutionProperties) = preSolution
		HideSolutionNode = FALSE
	EndGlobalSection
	GlobalSection(ExtensibilityGlobals) = postSolution
		SolutionGuid = {72BA52F0-AC7E-4130-BBC3-0163D0142B3A}
	EndGlobalSection
EndGlobal
